
Microsoft Visual Studio Solution File, Format Version 12.00
# Visual Studio Version 17
VisualStudioVersion = 17.0.32014.148
MinimumVisualStudioVersion = 10.0.40219.1
Project("{8BC9CEB8-8B4A-11D0-8D11-00A0C91BC942}") = "JDirect", "JDirect\JDirect.vcxproj", "{05694787-FCD3-42E3-BBD4-10988059F99C}"
EndProject
Project("{8BC9CEB8-8B4A-11D0-8D11-00A0C91BC942}") = "Window_0", "Window_0\Window_0.vcxproj", "{FAAB14AD-B01C-4256-B84A-6453B169B595}"
EndProject
Project("{8BC9CEB8-8B4A-11D0-8D11-00A0C91BC942}") = "CreateDevice", "CreateDevice\CreateDevice.vcxproj", "{4061F128-9904-4EA9-A447-A2EDC46890AF}"
EndProject
Project("{8BC9CEB8-8B4A-11D0-8D11-00A0C91BC942}") = "JCoreLib", "JCoreLib\JCoreLib.vcxproj", "{3AD30ECE-7B2F-4244-8B3A-5E74766B37C5}"
EndProject
Project("{2150E333-8FDC-42A3-9474-1A3956D46DE8}") = "library", "library", "{A43CA13C-9240-4E65-B4DE-15E217960D64}"
EndProject
Project("{8BC9CEB8-8B4A-11D0-8D11-00A0C91BC942}") = "JSampleLibrary", "JSampleLibrary\JSampleLibrary.vcxproj", "{FF7BE7BD-84AF-41CC-8F98-02B5935CB8F3}"
EndProject
Project("{2150E333-8FDC-42A3-9474-1A3956D46DE8}") = "not_use", "not_use", "{0D3BED05-02AA-4F22-AA03-9DDE9FE0196C}"
EndProject
Project("{8BC9CEB8-8B4A-11D0-8D11-00A0C91BC942}") = "CreateVertexBuffer", "CreateVertexBuffer\CreateVertexBuffer.vcxproj", "{BD55B115-A002-4159-A383-8FEC0B6C85CE}"
EndProject
Project("{2150E333-8FDC-42A3-9474-1A3956D46DE8}") = "Server", "Server", "{75D66A79-567B-4A65-A92B-49E5805B8BF9}"
EndProject
Project("{8BC9CEB8-8B4A-11D0-8D11-00A0C91BC942}") = "SocketClient", "Socket_0\Socket_0.vcxproj", "{F0EE80B6-F99C-4684-808A-CDD1690E08E2}"
EndProject
Project("{8BC9CEB8-8B4A-11D0-8D11-00A0C91BC942}") = "SocketServer", "SocketServer\SocketServer.vcxproj", "{10D1D73E-3C24-435C-91F5-107D9AC2C4B9}"
EndProject
Project("{2150E333-8FDC-42A3-9474-1A3956D46DE8}") = "chat", "chat", "{C8DD7207-F030-48BE-84FB-590226858818}"
EndProject
Project("{2150E333-8FDC-42A3-9474-1A3956D46DE8}") = "echo", "echo", "{98CFA4C8-097A-41B2-BC26-6DC1AD548D8B}"
EndProject
Project("{8BC9CEB8-8B4A-11D0-8D11-00A0C91BC942}") = "ServerChatting", "ServerChatting\ServerChatting.vcxproj", "{221CFD09-8EB8-493C-84C6-577B38183F96}"
EndProject
Project("{8BC9CEB8-8B4A-11D0-8D11-00A0C91BC942}") = "ClientChatting", "ClientChatting\ClientChatting.vcxproj", "{0CBC79D8-7D04-46DF-B178-B4879E434279}"
EndProject
Project("{2150E333-8FDC-42A3-9474-1A3956D46DE8}") = "MakePacket", "MakePacket", "{F7B49A21-B64E-4F2F-8C72-FA073E42E780}"
EndProject
Project("{8BC9CEB8-8B4A-11D0-8D11-00A0C91BC942}") = "MakePacket_Client", "MakePacket_Client\MakePacket_Client.vcxproj", "{FDC6EDB8-CFDA-4FCB-89FA-E01CEC5DA53C}"
EndProject
Project("{8BC9CEB8-8B4A-11D0-8D11-00A0C91BC942}") = "MakePacket_Server", "MakePacket_Server\MakePacket_Server.vcxproj", "{07973148-973C-4F85-95E9-3D584A25BC7C}"
EndProject
Project("{2150E333-8FDC-42A3-9474-1A3956D46DE8}") = "ThreadChatting", "ThreadChatting", "{E4A49E28-49D9-49E0-8305-F9E73E58707B}"
EndProject
Project("{2150E333-8FDC-42A3-9474-1A3956D46DE8}") = "SelectServer", "SelectServer", "{0B5C6B5B-BF7A-4D17-A4E9-E1A91CA9C574}"
EndProject
Project("{8BC9CEB8-8B4A-11D0-8D11-00A0C91BC942}") = "ThreadChattingServer", "ThreadChattingServer\ThreadChattingServer.vcxproj", "{36C600CB-110C-4489-9695-98CD9918DD86}"
EndProject
Project("{8BC9CEB8-8B4A-11D0-8D11-00A0C91BC942}") = "JCoreServer", "JCoreServer\JCoreServer.vcxproj", "{B98D25B6-A959-4CE9-88C9-1594C9F2B1B8}"
EndProject
Project("{8BC9CEB8-8B4A-11D0-8D11-00A0C91BC942}") = "JCoreServerSample", "JCoreServerSample\JCoreServerSample.vcxproj", "{F63FC6AD-38F8-400E-A387-5B865FF23A1F}"
EndProject
Project("{2150E333-8FDC-42A3-9474-1A3956D46DE8}") = "AsyncIO", "AsyncIO", "{C568B846-4048-4086-BF98-E6F1ABA3E635}"
EndProject
Project("{8BC9CEB8-8B4A-11D0-8D11-00A0C91BC942}") = "AsyncIO", "AsyncIO\AsyncIO.vcxproj", "{9BA51C23-C1D6-456D-9DFC-080B3ECC3B26}"
EndProject
Project("{8BC9CEB8-8B4A-11D0-8D11-00A0C91BC942}") = "JCoreServerIOCP", "JCoreServerIOCP\JCoreServerIOCP.vcxproj", "{D1A0B4A7-29E5-42C4-BD48-6F0137B78D6E}"
EndProject
Project("{8BC9CEB8-8B4A-11D0-8D11-00A0C91BC942}") = "JCoreNet", "JCoreNet\JCoreNet.vcxproj", "{7FCA8A33-5BD2-45F4-90BE-B9577FCB14DE}"
EndProject
Project("{8BC9CEB8-8B4A-11D0-8D11-00A0C91BC942}") = "ThreadChattingClient", "ThreadChattingClient\ThreadChattingClient.vcxproj", "{5DFD6D39-9D29-41CB-941D-FA373D021DE6}"
EndProject
Project("{2150E333-8FDC-42A3-9474-1A3956D46DE8}") = "220126_Server", "220126_Server", "{0BDFB4A4-FBAB-427A-BB06-FC0615D8B968}"
EndProject
Project("{8BC9CEB8-8B4A-11D0-8D11-00A0C91BC942}") = "NetworkSampleServer", "NetworkSampleServer\NetworkSampleServer.vcxproj", "{5F8E8774-B59A-4001-B38C-202511193E8D}"
EndProject
Project("{2150E333-8FDC-42A3-9474-1A3956D46DE8}") = "ODBC", "ODBC", "{0114CCF3-1D93-4922-BAA3-2407FE80F9BA}"
EndProject
Project("{8BC9CEB8-8B4A-11D0-8D11-00A0C91BC942}") = "odbc_0", "odbc_0\odbc_0.vcxproj", "{9A697403-04A0-45DF-B56D-976919997FBC}"
EndProject
Project("{8BC9CEB8-8B4A-11D0-8D11-00A0C91BC942}") = "odbc_1", "odbc_1\odbc_1.vcxproj", "{6319531B-2062-4C29-A7E7-20333D0D9967}"
EndProject
Project("{8BC9CEB8-8B4A-11D0-8D11-00A0C91BC942}") = "odbc_1_1", "odbc_1_1\odbc_1_1.vcxproj", "{F79D318A-1F45-4364-BC56-1FFD02DCF51B}"
EndProject
Project("{2150E333-8FDC-42A3-9474-1A3956D46DE8}") = "DX", "DX", "{99659A93-49DB-4066-8BE3-C7DBE6BEEFF6}"
EndProject
Project("{8BC9CEB8-8B4A-11D0-8D11-00A0C91BC942}") = "JCoreClient", "JCoreClient\JCoreClient.vcxproj", "{A2D4377B-AE11-49BA-B9C1-6A180A7602DD}"
EndProject
Project("{2150E333-8FDC-42A3-9474-1A3956D46DE8}") = "Demo", "Demo", "{1F8C65A6-57E9-4DB0-8804-7C9ED4AC20A9}"
EndProject
Project("{8BC9CEB8-8B4A-11D0-8D11-00A0C91BC942}") = "JCoreNetwork", "JCoreNetwork\JCoreNetwork.vcxproj", "{B2318C08-69DA-4F01-83BC-EC65AB73A646}"
EndProject
Project("{2150E333-8FDC-42A3-9474-1A3956D46DE8}") = "JCoreClientDir", "JCoreClientDir", "{00462A92-84F0-41B3-943F-7A535DBAF0E4}"
EndProject
Project("{8BC9CEB8-8B4A-11D0-8D11-00A0C91BC942}") = "JCoreClient_01", "JCoreClient_1\JCoreClient_1.vcxproj", "{D84734D4-22F2-4581-932D-FEC870002684}"
EndProject
Project("{8BC9CEB8-8B4A-11D0-8D11-00A0C91BC942}") = "JCoreClient_00", "JCoreClient_0\JCoreClient_0.vcxproj", "{C3DE384C-4A16-4865-84E4-2F77D8B71B35}"
EndProject
Project("{8BC9CEB8-8B4A-11D0-8D11-00A0C91BC942}") = "JCoreClient_02", "JCoreClient_2\JCoreClient_2.vcxproj", "{D1C51863-7DE9-4066-960C-B633B597B260}"
EndProject
Project("{8BC9CEB8-8B4A-11D0-8D11-00A0C91BC942}") = "JCoreClient_03", "JCoreClient_3\JCoreClient_3.vcxproj", "{395BB4E4-3E5B-407A-B35D-ED1B56E13025}"
EndProject
Project("{2150E333-8FDC-42A3-9474-1A3956D46DE8}") = "Create_old", "Create_old", "{B3BE3D14-FED4-406A-A756-BF0D0847F544}"
EndProject
Project("{2150E333-8FDC-42A3-9474-1A3956D46DE8}") = "lib", "lib", "{9125F6DF-109F-4F9B-9285-7D5B32CC5BEC}"
EndProject
Project("{8BC9CEB8-8B4A-11D0-8D11-00A0C91BC942}") = "JCoreClient_04", "JCoreClient_4\JCoreClient_4.vcxproj", "{D2C1C8D0-7E25-4F03-9DF1-63BAE58E485A}"
EndProject
Project("{8BC9CEB8-8B4A-11D0-8D11-00A0C91BC942}") = "JCoreClient_05", "JCoreClient_5\JCoreClient_5.vcxproj", "{7D338A0A-00F7-423A-B366-9B03A955D6CE}"
EndProject
Project("{8BC9CEB8-8B4A-11D0-8D11-00A0C91BC942}") = "JCoreClient_06", "JCoreClient_6\JCoreClient_6.vcxproj", "{9A3F65FE-E8BA-40DC-B96D-2DB4A644656C}"
EndProject
Project("{8BC9CEB8-8B4A-11D0-8D11-00A0C91BC942}") = "JCoreClient_07", "JCoreClient_7\JCoreClient_7.vcxproj", "{5DB44F89-E8C6-43FE-8C7B-93C5254CF1EB}"
EndProject
Project("{8BC9CEB8-8B4A-11D0-8D11-00A0C91BC942}") = "JCoreClient_08", "JCoreClient_8\JCoreClient_8.vcxproj", "{E60D17AC-6A09-47FC-96DC-002E3B2DD30F}"
EndProject
Project("{8BC9CEB8-8B4A-11D0-8D11-00A0C91BC942}") = "JCoreClient_09", "JCoreClient_9\JCoreClient_9.vcxproj", "{4FE165BC-CE6E-4D88-9E19-AEE2C4849F4D}"
EndProject
Project("{8BC9CEB8-8B4A-11D0-8D11-00A0C91BC942}") = "JCoreClient_10", "JCoreClient_10\JCoreClient_10.vcxproj", "{C6543B5E-D130-4684-9A9E-88D85375E793}"
EndProject
Project("{8BC9CEB8-8B4A-11D0-8D11-00A0C91BC942}") = "JCoreClient_11", "JCoreClient_11\JCoreClient_11.vcxproj", "{C2ECDDB2-5C42-48C9-BD9B-08C90010FDE6}"
EndProject
Project("{8BC9CEB8-8B4A-11D0-8D11-00A0C91BC942}") = "JCoreClient_12", "JCoreClient_12\JCoreClient_12.vcxproj", "{0BF48690-4166-44A4-B786-CF579346DA0D}"
EndProject
Project("{2150E333-8FDC-42A3-9474-1A3956D46DE8}") = "Study", "Study", "{12FF1203-EC44-4AFF-9D96-B7677BC4F2A3}"
EndProject
Project("{8BC9CEB8-8B4A-11D0-8D11-00A0C91BC942}") = "SmartPoint", "SmartPoint\SmartPoint.vcxproj", "{7316DF7E-E739-4BD8-94AF-D5223B6B1EAE}"
EndProject
Project("{8BC9CEB8-8B4A-11D0-8D11-00A0C91BC942}") = "PriorityQueue", "PriorityQueue\PriorityQueue.vcxproj", "{E7447452-6980-443D-9675-EB85420C4F41}"
EndProject
Project("{2150E333-8FDC-42A3-9474-1A3956D46DE8}") = "알고리즘용", "알고리즘용", "{9AD7B03C-3C80-43B3-96CA-D76B657598CB}"
EndProject
Project("{8BC9CEB8-8B4A-11D0-8D11-00A0C91BC942}") = "JCoreClient_02_fsm", "JCoreClient_02_fsm\JCoreClient_02_fsm.vcxproj", "{03B36F0F-D83E-4E5B-94F7-18D41B050C4A}"
EndProject
Project("{2150E333-8FDC-42A3-9474-1A3956D46DE8}") = "Game2D", "Game2D", "{4978FDB1-C610-4AD4-A295-2506EEE10D6D}"
EndProject
Project("{8BC9CEB8-8B4A-11D0-8D11-00A0C91BC942}") = "JBattleCityTank", "JBattleCityTank\JBattleCityTank.vcxproj", "{24E28D82-91CF-4296-80A6-2CEC67CDF975}"
EndProject
Project("{2150E333-8FDC-42A3-9474-1A3956D46DE8}") = "Client2D", "Client2D", "{9411ACC7-D0F4-47D1-84B8-487BB4071A35}"
EndProject
Project("{8BC9CEB8-8B4A-11D0-8D11-00A0C91BC942}") = "JMapTool", "JMapTool\JMapTool.vcxproj", "{800C2407-BAC8-4AA8-B1FC-A08AF16BA781}"
EndProject
Project("{2150E333-8FDC-42A3-9474-1A3956D46DE8}") = "2D", "2D", "{84E9BE2E-B4FA-40AC-80C4-E7E2F67DCD71}"
EndProject
Project("{2150E333-8FDC-42A3-9474-1A3956D46DE8}") = "3D", "3D", "{DB4D0453-1C18-489D-BD50-BA965CB6905F}"
EndProject
Project("{8BC9CEB8-8B4A-11D0-8D11-00A0C91BC942}") = "JCoreLib3D", "JCoreLib3D\JCoreLib3D.vcxproj", "{7C250940-27ED-4F70-A4B3-13E29351AC4E}"
EndProject
Project("{8BC9CEB8-8B4A-11D0-8D11-00A0C91BC942}") = "Sample3D_0", "Sample3D_0\Sample3D_0.vcxproj", "{CC8F0609-C3BB-44A0-BE1F-2769D680F1F0}"
EndProject
Project("{2150E333-8FDC-42A3-9474-1A3956D46DE8}") = "etc", "etc", "{B3B64FED-8A8B-4AA4-A594-1088C2C42E4C}"
EndProject
Project("{2150E333-8FDC-42A3-9474-1A3956D46DE8}") = "NewFolder1", "NewFolder1", "{72AD4F75-D060-4420-9371-336C63A09ED3}"
EndProject
Project("{8BC9CEB8-8B4A-11D0-8D11-00A0C91BC942}") = "Sample3D_test", "Sample3D_test\Sample3D_test.vcxproj", "{E74B41D0-17A6-429F-B7AA-21BF6AD456BB}"
EndProject
Project("{8BC9CEB8-8B4A-11D0-8D11-00A0C91BC942}") = "Sample3D_0n", "Sample3D_0n\Sample3D_0.vcxproj", "{8D65D1D1-1C21-46CF-9671-521C373DE742}"
EndProject
Project("{8BC9CEB8-8B4A-11D0-8D11-00A0C91BC942}") = "TCoreLib", "TCoreLib\TCoreLib.vcxproj", "{98617CA6-FE41-4536-94F6-159046E15AD9}"
EndProject
Global
	GlobalSection(SolutionConfigurationPlatforms) = preSolution
		Debug|x64 = Debug|x64
		Debug|x86 = Debug|x86
		Release|x64 = Release|x64
		Release|x86 = Release|x86
	EndGlobalSection
	GlobalSection(ProjectConfigurationPlatforms) = postSolution
		{05694787-FCD3-42E3-BBD4-10988059F99C}.Debug|x64.ActiveCfg = Debug|x64
		{05694787-FCD3-42E3-BBD4-10988059F99C}.Debug|x64.Build.0 = Debug|x64
		{05694787-FCD3-42E3-BBD4-10988059F99C}.Debug|x86.ActiveCfg = Debug|Win32
		{05694787-FCD3-42E3-BBD4-10988059F99C}.Debug|x86.Build.0 = Debug|Win32
		{05694787-FCD3-42E3-BBD4-10988059F99C}.Release|x64.ActiveCfg = Release|x64
		{05694787-FCD3-42E3-BBD4-10988059F99C}.Release|x64.Build.0 = Release|x64
		{05694787-FCD3-42E3-BBD4-10988059F99C}.Release|x86.ActiveCfg = Release|Win32
		{05694787-FCD3-42E3-BBD4-10988059F99C}.Release|x86.Build.0 = Release|Win32
		{FAAB14AD-B01C-4256-B84A-6453B169B595}.Debug|x64.ActiveCfg = Debug|x64
		{FAAB14AD-B01C-4256-B84A-6453B169B595}.Debug|x64.Build.0 = Debug|x64
		{FAAB14AD-B01C-4256-B84A-6453B169B595}.Debug|x86.ActiveCfg = Debug|Win32
		{FAAB14AD-B01C-4256-B84A-6453B169B595}.Debug|x86.Build.0 = Debug|Win32
		{FAAB14AD-B01C-4256-B84A-6453B169B595}.Release|x64.ActiveCfg = Release|x64
		{FAAB14AD-B01C-4256-B84A-6453B169B595}.Release|x64.Build.0 = Release|x64
		{FAAB14AD-B01C-4256-B84A-6453B169B595}.Release|x86.ActiveCfg = Release|Win32
		{FAAB14AD-B01C-4256-B84A-6453B169B595}.Release|x86.Build.0 = Release|Win32
		{4061F128-9904-4EA9-A447-A2EDC46890AF}.Debug|x64.ActiveCfg = Debug|x64
		{4061F128-9904-4EA9-A447-A2EDC46890AF}.Debug|x64.Build.0 = Debug|x64
		{4061F128-9904-4EA9-A447-A2EDC46890AF}.Debug|x86.ActiveCfg = Debug|Win32
		{4061F128-9904-4EA9-A447-A2EDC46890AF}.Debug|x86.Build.0 = Debug|Win32
		{4061F128-9904-4EA9-A447-A2EDC46890AF}.Release|x64.ActiveCfg = Release|x64
		{4061F128-9904-4EA9-A447-A2EDC46890AF}.Release|x64.Build.0 = Release|x64
		{4061F128-9904-4EA9-A447-A2EDC46890AF}.Release|x86.ActiveCfg = Release|Win32
		{4061F128-9904-4EA9-A447-A2EDC46890AF}.Release|x86.Build.0 = Release|Win32
		{3AD30ECE-7B2F-4244-8B3A-5E74766B37C5}.Debug|x64.ActiveCfg = Debug|x64
		{3AD30ECE-7B2F-4244-8B3A-5E74766B37C5}.Debug|x64.Build.0 = Debug|x64
		{3AD30ECE-7B2F-4244-8B3A-5E74766B37C5}.Debug|x86.ActiveCfg = Debug|Win32
		{3AD30ECE-7B2F-4244-8B3A-5E74766B37C5}.Debug|x86.Build.0 = Debug|Win32
		{3AD30ECE-7B2F-4244-8B3A-5E74766B37C5}.Release|x64.ActiveCfg = Release|x64
		{3AD30ECE-7B2F-4244-8B3A-5E74766B37C5}.Release|x64.Build.0 = Release|x64
		{3AD30ECE-7B2F-4244-8B3A-5E74766B37C5}.Release|x86.ActiveCfg = Release|Win32
		{3AD30ECE-7B2F-4244-8B3A-5E74766B37C5}.Release|x86.Build.0 = Release|Win32
		{FF7BE7BD-84AF-41CC-8F98-02B5935CB8F3}.Debug|x64.ActiveCfg = Debug|x64
		{FF7BE7BD-84AF-41CC-8F98-02B5935CB8F3}.Debug|x64.Build.0 = Debug|x64
		{FF7BE7BD-84AF-41CC-8F98-02B5935CB8F3}.Debug|x86.ActiveCfg = Debug|Win32
		{FF7BE7BD-84AF-41CC-8F98-02B5935CB8F3}.Debug|x86.Build.0 = Debug|Win32
		{FF7BE7BD-84AF-41CC-8F98-02B5935CB8F3}.Release|x64.ActiveCfg = Release|x64
		{FF7BE7BD-84AF-41CC-8F98-02B5935CB8F3}.Release|x64.Build.0 = Release|x64
		{FF7BE7BD-84AF-41CC-8F98-02B5935CB8F3}.Release|x86.ActiveCfg = Release|Win32
		{FF7BE7BD-84AF-41CC-8F98-02B5935CB8F3}.Release|x86.Build.0 = Release|Win32
		{BD55B115-A002-4159-A383-8FEC0B6C85CE}.Debug|x64.ActiveCfg = Debug|x64
		{BD55B115-A002-4159-A383-8FEC0B6C85CE}.Debug|x64.Build.0 = Debug|x64
		{BD55B115-A002-4159-A383-8FEC0B6C85CE}.Debug|x86.ActiveCfg = Debug|Win32
		{BD55B115-A002-4159-A383-8FEC0B6C85CE}.Debug|x86.Build.0 = Debug|Win32
		{BD55B115-A002-4159-A383-8FEC0B6C85CE}.Release|x64.ActiveCfg = Release|x64
		{BD55B115-A002-4159-A383-8FEC0B6C85CE}.Release|x64.Build.0 = Release|x64
		{BD55B115-A002-4159-A383-8FEC0B6C85CE}.Release|x86.ActiveCfg = Release|Win32
		{BD55B115-A002-4159-A383-8FEC0B6C85CE}.Release|x86.Build.0 = Release|Win32
		{F0EE80B6-F99C-4684-808A-CDD1690E08E2}.Debug|x64.ActiveCfg = Debug|x64
		{F0EE80B6-F99C-4684-808A-CDD1690E08E2}.Debug|x64.Build.0 = Debug|x64
		{F0EE80B6-F99C-4684-808A-CDD1690E08E2}.Debug|x86.ActiveCfg = Debug|Win32
		{F0EE80B6-F99C-4684-808A-CDD1690E08E2}.Debug|x86.Build.0 = Debug|Win32
		{F0EE80B6-F99C-4684-808A-CDD1690E08E2}.Release|x64.ActiveCfg = Release|x64
		{F0EE80B6-F99C-4684-808A-CDD1690E08E2}.Release|x64.Build.0 = Release|x64
		{F0EE80B6-F99C-4684-808A-CDD1690E08E2}.Release|x86.ActiveCfg = Release|Win32
		{F0EE80B6-F99C-4684-808A-CDD1690E08E2}.Release|x86.Build.0 = Release|Win32
		{10D1D73E-3C24-435C-91F5-107D9AC2C4B9}.Debug|x64.ActiveCfg = Debug|x64
		{10D1D73E-3C24-435C-91F5-107D9AC2C4B9}.Debug|x64.Build.0 = Debug|x64
		{10D1D73E-3C24-435C-91F5-107D9AC2C4B9}.Debug|x86.ActiveCfg = Debug|Win32
		{10D1D73E-3C24-435C-91F5-107D9AC2C4B9}.Debug|x86.Build.0 = Debug|Win32
		{10D1D73E-3C24-435C-91F5-107D9AC2C4B9}.Release|x64.ActiveCfg = Release|x64
		{10D1D73E-3C24-435C-91F5-107D9AC2C4B9}.Release|x64.Build.0 = Release|x64
		{10D1D73E-3C24-435C-91F5-107D9AC2C4B9}.Release|x86.ActiveCfg = Release|Win32
		{10D1D73E-3C24-435C-91F5-107D9AC2C4B9}.Release|x86.Build.0 = Release|Win32
		{221CFD09-8EB8-493C-84C6-577B38183F96}.Debug|x64.ActiveCfg = Debug|x64
		{221CFD09-8EB8-493C-84C6-577B38183F96}.Debug|x64.Build.0 = Debug|x64
		{221CFD09-8EB8-493C-84C6-577B38183F96}.Debug|x86.ActiveCfg = Debug|Win32
		{221CFD09-8EB8-493C-84C6-577B38183F96}.Debug|x86.Build.0 = Debug|Win32
		{221CFD09-8EB8-493C-84C6-577B38183F96}.Release|x64.ActiveCfg = Release|x64
		{221CFD09-8EB8-493C-84C6-577B38183F96}.Release|x64.Build.0 = Release|x64
		{221CFD09-8EB8-493C-84C6-577B38183F96}.Release|x86.ActiveCfg = Release|Win32
		{221CFD09-8EB8-493C-84C6-577B38183F96}.Release|x86.Build.0 = Release|Win32
		{0CBC79D8-7D04-46DF-B178-B4879E434279}.Debug|x64.ActiveCfg = Debug|x64
		{0CBC79D8-7D04-46DF-B178-B4879E434279}.Debug|x64.Build.0 = Debug|x64
		{0CBC79D8-7D04-46DF-B178-B4879E434279}.Debug|x86.ActiveCfg = Debug|Win32
		{0CBC79D8-7D04-46DF-B178-B4879E434279}.Debug|x86.Build.0 = Debug|Win32
		{0CBC79D8-7D04-46DF-B178-B4879E434279}.Release|x64.ActiveCfg = Release|x64
		{0CBC79D8-7D04-46DF-B178-B4879E434279}.Release|x64.Build.0 = Release|x64
		{0CBC79D8-7D04-46DF-B178-B4879E434279}.Release|x86.ActiveCfg = Release|Win32
		{0CBC79D8-7D04-46DF-B178-B4879E434279}.Release|x86.Build.0 = Release|Win32
		{FDC6EDB8-CFDA-4FCB-89FA-E01CEC5DA53C}.Debug|x64.ActiveCfg = Debug|x64
		{FDC6EDB8-CFDA-4FCB-89FA-E01CEC5DA53C}.Debug|x64.Build.0 = Debug|x64
		{FDC6EDB8-CFDA-4FCB-89FA-E01CEC5DA53C}.Debug|x86.ActiveCfg = Debug|Win32
		{FDC6EDB8-CFDA-4FCB-89FA-E01CEC5DA53C}.Debug|x86.Build.0 = Debug|Win32
		{FDC6EDB8-CFDA-4FCB-89FA-E01CEC5DA53C}.Release|x64.ActiveCfg = Release|x64
		{FDC6EDB8-CFDA-4FCB-89FA-E01CEC5DA53C}.Release|x64.Build.0 = Release|x64
		{FDC6EDB8-CFDA-4FCB-89FA-E01CEC5DA53C}.Release|x86.ActiveCfg = Release|Win32
		{FDC6EDB8-CFDA-4FCB-89FA-E01CEC5DA53C}.Release|x86.Build.0 = Release|Win32
		{07973148-973C-4F85-95E9-3D584A25BC7C}.Debug|x64.ActiveCfg = Debug|x64
		{07973148-973C-4F85-95E9-3D584A25BC7C}.Debug|x64.Build.0 = Debug|x64
		{07973148-973C-4F85-95E9-3D584A25BC7C}.Debug|x86.ActiveCfg = Debug|Win32
		{07973148-973C-4F85-95E9-3D584A25BC7C}.Debug|x86.Build.0 = Debug|Win32
		{07973148-973C-4F85-95E9-3D584A25BC7C}.Release|x64.ActiveCfg = Release|x64
		{07973148-973C-4F85-95E9-3D584A25BC7C}.Release|x64.Build.0 = Release|x64
		{07973148-973C-4F85-95E9-3D584A25BC7C}.Release|x86.ActiveCfg = Release|Win32
		{07973148-973C-4F85-95E9-3D584A25BC7C}.Release|x86.Build.0 = Release|Win32
		{36C600CB-110C-4489-9695-98CD9918DD86}.Debug|x64.ActiveCfg = Debug|x64
		{36C600CB-110C-4489-9695-98CD9918DD86}.Debug|x64.Build.0 = Debug|x64
		{36C600CB-110C-4489-9695-98CD9918DD86}.Debug|x86.ActiveCfg = Debug|Win32
		{36C600CB-110C-4489-9695-98CD9918DD86}.Debug|x86.Build.0 = Debug|Win32
		{36C600CB-110C-4489-9695-98CD9918DD86}.Release|x64.ActiveCfg = Release|x64
		{36C600CB-110C-4489-9695-98CD9918DD86}.Release|x64.Build.0 = Release|x64
		{36C600CB-110C-4489-9695-98CD9918DD86}.Release|x86.ActiveCfg = Release|Win32
		{36C600CB-110C-4489-9695-98CD9918DD86}.Release|x86.Build.0 = Release|Win32
		{B98D25B6-A959-4CE9-88C9-1594C9F2B1B8}.Debug|x64.ActiveCfg = Debug|x64
		{B98D25B6-A959-4CE9-88C9-1594C9F2B1B8}.Debug|x64.Build.0 = Debug|x64
		{B98D25B6-A959-4CE9-88C9-1594C9F2B1B8}.Debug|x86.ActiveCfg = Debug|Win32
		{B98D25B6-A959-4CE9-88C9-1594C9F2B1B8}.Debug|x86.Build.0 = Debug|Win32
		{B98D25B6-A959-4CE9-88C9-1594C9F2B1B8}.Release|x64.ActiveCfg = Release|x64
		{B98D25B6-A959-4CE9-88C9-1594C9F2B1B8}.Release|x64.Build.0 = Release|x64
		{B98D25B6-A959-4CE9-88C9-1594C9F2B1B8}.Release|x86.ActiveCfg = Release|Win32
		{B98D25B6-A959-4CE9-88C9-1594C9F2B1B8}.Release|x86.Build.0 = Release|Win32
		{F63FC6AD-38F8-400E-A387-5B865FF23A1F}.Debug|x64.ActiveCfg = Debug|x64
		{F63FC6AD-38F8-400E-A387-5B865FF23A1F}.Debug|x64.Build.0 = Debug|x64
		{F63FC6AD-38F8-400E-A387-5B865FF23A1F}.Debug|x86.ActiveCfg = Debug|Win32
		{F63FC6AD-38F8-400E-A387-5B865FF23A1F}.Debug|x86.Build.0 = Debug|Win32
		{F63FC6AD-38F8-400E-A387-5B865FF23A1F}.Release|x64.ActiveCfg = Release|x64
		{F63FC6AD-38F8-400E-A387-5B865FF23A1F}.Release|x64.Build.0 = Release|x64
		{F63FC6AD-38F8-400E-A387-5B865FF23A1F}.Release|x86.ActiveCfg = Release|Win32
		{F63FC6AD-38F8-400E-A387-5B865FF23A1F}.Release|x86.Build.0 = Release|Win32
		{9BA51C23-C1D6-456D-9DFC-080B3ECC3B26}.Debug|x64.ActiveCfg = Debug|x64
		{9BA51C23-C1D6-456D-9DFC-080B3ECC3B26}.Debug|x64.Build.0 = Debug|x64
		{9BA51C23-C1D6-456D-9DFC-080B3ECC3B26}.Debug|x86.ActiveCfg = Debug|Win32
		{9BA51C23-C1D6-456D-9DFC-080B3ECC3B26}.Debug|x86.Build.0 = Debug|Win32
		{9BA51C23-C1D6-456D-9DFC-080B3ECC3B26}.Release|x64.ActiveCfg = Release|x64
		{9BA51C23-C1D6-456D-9DFC-080B3ECC3B26}.Release|x64.Build.0 = Release|x64
		{9BA51C23-C1D6-456D-9DFC-080B3ECC3B26}.Release|x86.ActiveCfg = Release|Win32
		{9BA51C23-C1D6-456D-9DFC-080B3ECC3B26}.Release|x86.Build.0 = Release|Win32
		{D1A0B4A7-29E5-42C4-BD48-6F0137B78D6E}.Debug|x64.ActiveCfg = Debug|x64
		{D1A0B4A7-29E5-42C4-BD48-6F0137B78D6E}.Debug|x64.Build.0 = Debug|x64
		{D1A0B4A7-29E5-42C4-BD48-6F0137B78D6E}.Debug|x86.ActiveCfg = Debug|Win32
		{D1A0B4A7-29E5-42C4-BD48-6F0137B78D6E}.Debug|x86.Build.0 = Debug|Win32
		{D1A0B4A7-29E5-42C4-BD48-6F0137B78D6E}.Release|x64.ActiveCfg = Release|x64
		{D1A0B4A7-29E5-42C4-BD48-6F0137B78D6E}.Release|x64.Build.0 = Release|x64
		{D1A0B4A7-29E5-42C4-BD48-6F0137B78D6E}.Release|x86.ActiveCfg = Release|Win32
		{D1A0B4A7-29E5-42C4-BD48-6F0137B78D6E}.Release|x86.Build.0 = Release|Win32
		{7FCA8A33-5BD2-45F4-90BE-B9577FCB14DE}.Debug|x64.ActiveCfg = Debug|x64
		{7FCA8A33-5BD2-45F4-90BE-B9577FCB14DE}.Debug|x64.Build.0 = Debug|x64
		{7FCA8A33-5BD2-45F4-90BE-B9577FCB14DE}.Debug|x86.ActiveCfg = Debug|Win32
		{7FCA8A33-5BD2-45F4-90BE-B9577FCB14DE}.Debug|x86.Build.0 = Debug|Win32
		{7FCA8A33-5BD2-45F4-90BE-B9577FCB14DE}.Release|x64.ActiveCfg = Release|x64
		{7FCA8A33-5BD2-45F4-90BE-B9577FCB14DE}.Release|x64.Build.0 = Release|x64
		{7FCA8A33-5BD2-45F4-90BE-B9577FCB14DE}.Release|x86.ActiveCfg = Release|Win32
		{7FCA8A33-5BD2-45F4-90BE-B9577FCB14DE}.Release|x86.Build.0 = Release|Win32
		{5DFD6D39-9D29-41CB-941D-FA373D021DE6}.Debug|x64.ActiveCfg = Debug|x64
		{5DFD6D39-9D29-41CB-941D-FA373D021DE6}.Debug|x64.Build.0 = Debug|x64
		{5DFD6D39-9D29-41CB-941D-FA373D021DE6}.Debug|x86.ActiveCfg = Debug|Win32
		{5DFD6D39-9D29-41CB-941D-FA373D021DE6}.Debug|x86.Build.0 = Debug|Win32
		{5DFD6D39-9D29-41CB-941D-FA373D021DE6}.Release|x64.ActiveCfg = Release|x64
		{5DFD6D39-9D29-41CB-941D-FA373D021DE6}.Release|x64.Build.0 = Release|x64
		{5DFD6D39-9D29-41CB-941D-FA373D021DE6}.Release|x86.ActiveCfg = Release|Win32
		{5DFD6D39-9D29-41CB-941D-FA373D021DE6}.Release|x86.Build.0 = Release|Win32
		{5F8E8774-B59A-4001-B38C-202511193E8D}.Debug|x64.ActiveCfg = Debug|x64
		{5F8E8774-B59A-4001-B38C-202511193E8D}.Debug|x64.Build.0 = Debug|x64
		{5F8E8774-B59A-4001-B38C-202511193E8D}.Debug|x86.ActiveCfg = Debug|Win32
		{5F8E8774-B59A-4001-B38C-202511193E8D}.Debug|x86.Build.0 = Debug|Win32
		{5F8E8774-B59A-4001-B38C-202511193E8D}.Release|x64.ActiveCfg = Release|x64
		{5F8E8774-B59A-4001-B38C-202511193E8D}.Release|x64.Build.0 = Release|x64
		{5F8E8774-B59A-4001-B38C-202511193E8D}.Release|x86.ActiveCfg = Release|Win32
		{5F8E8774-B59A-4001-B38C-202511193E8D}.Release|x86.Build.0 = Release|Win32
		{9A697403-04A0-45DF-B56D-976919997FBC}.Debug|x64.ActiveCfg = Debug|x64
		{9A697403-04A0-45DF-B56D-976919997FBC}.Debug|x64.Build.0 = Debug|x64
		{9A697403-04A0-45DF-B56D-976919997FBC}.Debug|x86.ActiveCfg = Debug|Win32
		{9A697403-04A0-45DF-B56D-976919997FBC}.Debug|x86.Build.0 = Debug|Win32
		{9A697403-04A0-45DF-B56D-976919997FBC}.Release|x64.ActiveCfg = Release|x64
		{9A697403-04A0-45DF-B56D-976919997FBC}.Release|x64.Build.0 = Release|x64
		{9A697403-04A0-45DF-B56D-976919997FBC}.Release|x86.ActiveCfg = Release|Win32
		{9A697403-04A0-45DF-B56D-976919997FBC}.Release|x86.Build.0 = Release|Win32
		{6319531B-2062-4C29-A7E7-20333D0D9967}.Debug|x64.ActiveCfg = Debug|x64
		{6319531B-2062-4C29-A7E7-20333D0D9967}.Debug|x64.Build.0 = Debug|x64
		{6319531B-2062-4C29-A7E7-20333D0D9967}.Debug|x86.ActiveCfg = Debug|Win32
		{6319531B-2062-4C29-A7E7-20333D0D9967}.Debug|x86.Build.0 = Debug|Win32
		{6319531B-2062-4C29-A7E7-20333D0D9967}.Release|x64.ActiveCfg = Release|x64
		{6319531B-2062-4C29-A7E7-20333D0D9967}.Release|x64.Build.0 = Release|x64
		{6319531B-2062-4C29-A7E7-20333D0D9967}.Release|x86.ActiveCfg = Release|Win32
		{6319531B-2062-4C29-A7E7-20333D0D9967}.Release|x86.Build.0 = Release|Win32
		{F79D318A-1F45-4364-BC56-1FFD02DCF51B}.Debug|x64.ActiveCfg = Debug|x64
		{F79D318A-1F45-4364-BC56-1FFD02DCF51B}.Debug|x64.Build.0 = Debug|x64
		{F79D318A-1F45-4364-BC56-1FFD02DCF51B}.Debug|x86.ActiveCfg = Debug|Win32
		{F79D318A-1F45-4364-BC56-1FFD02DCF51B}.Debug|x86.Build.0 = Debug|Win32
		{F79D318A-1F45-4364-BC56-1FFD02DCF51B}.Release|x64.ActiveCfg = Release|x64
		{F79D318A-1F45-4364-BC56-1FFD02DCF51B}.Release|x64.Build.0 = Release|x64
		{F79D318A-1F45-4364-BC56-1FFD02DCF51B}.Release|x86.ActiveCfg = Release|Win32
		{F79D318A-1F45-4364-BC56-1FFD02DCF51B}.Release|x86.Build.0 = Release|Win32
		{A2D4377B-AE11-49BA-B9C1-6A180A7602DD}.Debug|x64.ActiveCfg = Debug|x64
		{A2D4377B-AE11-49BA-B9C1-6A180A7602DD}.Debug|x64.Build.0 = Debug|x64
		{A2D4377B-AE11-49BA-B9C1-6A180A7602DD}.Debug|x86.ActiveCfg = Debug|Win32
		{A2D4377B-AE11-49BA-B9C1-6A180A7602DD}.Debug|x86.Build.0 = Debug|Win32
		{A2D4377B-AE11-49BA-B9C1-6A180A7602DD}.Release|x64.ActiveCfg = Release|x64
		{A2D4377B-AE11-49BA-B9C1-6A180A7602DD}.Release|x64.Build.0 = Release|x64
		{A2D4377B-AE11-49BA-B9C1-6A180A7602DD}.Release|x86.ActiveCfg = Release|Win32
		{A2D4377B-AE11-49BA-B9C1-6A180A7602DD}.Release|x86.Build.0 = Release|Win32
		{B2318C08-69DA-4F01-83BC-EC65AB73A646}.Debug|x64.ActiveCfg = Debug|x64
		{B2318C08-69DA-4F01-83BC-EC65AB73A646}.Debug|x64.Build.0 = Debug|x64
		{B2318C08-69DA-4F01-83BC-EC65AB73A646}.Debug|x86.ActiveCfg = Debug|Win32
		{B2318C08-69DA-4F01-83BC-EC65AB73A646}.Debug|x86.Build.0 = Debug|Win32
		{B2318C08-69DA-4F01-83BC-EC65AB73A646}.Release|x64.ActiveCfg = Release|x64
		{B2318C08-69DA-4F01-83BC-EC65AB73A646}.Release|x64.Build.0 = Release|x64
		{B2318C08-69DA-4F01-83BC-EC65AB73A646}.Release|x86.ActiveCfg = Release|Win32
		{B2318C08-69DA-4F01-83BC-EC65AB73A646}.Release|x86.Build.0 = Release|Win32
		{D84734D4-22F2-4581-932D-FEC870002684}.Debug|x64.ActiveCfg = Debug|x64
		{D84734D4-22F2-4581-932D-FEC870002684}.Debug|x64.Build.0 = Debug|x64
		{D84734D4-22F2-4581-932D-FEC870002684}.Debug|x86.ActiveCfg = Debug|Win32
		{D84734D4-22F2-4581-932D-FEC870002684}.Debug|x86.Build.0 = Debug|Win32
		{D84734D4-22F2-4581-932D-FEC870002684}.Release|x64.ActiveCfg = Release|x64
		{D84734D4-22F2-4581-932D-FEC870002684}.Release|x64.Build.0 = Release|x64
		{D84734D4-22F2-4581-932D-FEC870002684}.Release|x86.ActiveCfg = Release|Win32
		{D84734D4-22F2-4581-932D-FEC870002684}.Release|x86.Build.0 = Release|Win32
		{C3DE384C-4A16-4865-84E4-2F77D8B71B35}.Debug|x64.ActiveCfg = Debug|x64
		{C3DE384C-4A16-4865-84E4-2F77D8B71B35}.Debug|x64.Build.0 = Debug|x64
		{C3DE384C-4A16-4865-84E4-2F77D8B71B35}.Debug|x86.ActiveCfg = Debug|Win32
		{C3DE384C-4A16-4865-84E4-2F77D8B71B35}.Debug|x86.Build.0 = Debug|Win32
		{C3DE384C-4A16-4865-84E4-2F77D8B71B35}.Release|x64.ActiveCfg = Release|x64
		{C3DE384C-4A16-4865-84E4-2F77D8B71B35}.Release|x64.Build.0 = Release|x64
		{C3DE384C-4A16-4865-84E4-2F77D8B71B35}.Release|x86.ActiveCfg = Release|Win32
		{C3DE384C-4A16-4865-84E4-2F77D8B71B35}.Release|x86.Build.0 = Release|Win32
		{D1C51863-7DE9-4066-960C-B633B597B260}.Debug|x64.ActiveCfg = Debug|x64
		{D1C51863-7DE9-4066-960C-B633B597B260}.Debug|x64.Build.0 = Debug|x64
		{D1C51863-7DE9-4066-960C-B633B597B260}.Debug|x86.ActiveCfg = Debug|Win32
		{D1C51863-7DE9-4066-960C-B633B597B260}.Debug|x86.Build.0 = Debug|Win32
		{D1C51863-7DE9-4066-960C-B633B597B260}.Release|x64.ActiveCfg = Release|x64
		{D1C51863-7DE9-4066-960C-B633B597B260}.Release|x64.Build.0 = Release|x64
		{D1C51863-7DE9-4066-960C-B633B597B260}.Release|x86.ActiveCfg = Release|Win32
		{D1C51863-7DE9-4066-960C-B633B597B260}.Release|x86.Build.0 = Release|Win32
		{395BB4E4-3E5B-407A-B35D-ED1B56E13025}.Debug|x64.ActiveCfg = Debug|x64
		{395BB4E4-3E5B-407A-B35D-ED1B56E13025}.Debug|x64.Build.0 = Debug|x64
		{395BB4E4-3E5B-407A-B35D-ED1B56E13025}.Debug|x86.ActiveCfg = Debug|Win32
		{395BB4E4-3E5B-407A-B35D-ED1B56E13025}.Debug|x86.Build.0 = Debug|Win32
		{395BB4E4-3E5B-407A-B35D-ED1B56E13025}.Release|x64.ActiveCfg = Release|x64
		{395BB4E4-3E5B-407A-B35D-ED1B56E13025}.Release|x64.Build.0 = Release|x64
		{395BB4E4-3E5B-407A-B35D-ED1B56E13025}.Release|x86.ActiveCfg = Release|Win32
		{395BB4E4-3E5B-407A-B35D-ED1B56E13025}.Release|x86.Build.0 = Release|Win32
		{D2C1C8D0-7E25-4F03-9DF1-63BAE58E485A}.Debug|x64.ActiveCfg = Debug|x64
		{D2C1C8D0-7E25-4F03-9DF1-63BAE58E485A}.Debug|x64.Build.0 = Debug|x64
		{D2C1C8D0-7E25-4F03-9DF1-63BAE58E485A}.Debug|x86.ActiveCfg = Debug|Win32
		{D2C1C8D0-7E25-4F03-9DF1-63BAE58E485A}.Debug|x86.Build.0 = Debug|Win32
		{D2C1C8D0-7E25-4F03-9DF1-63BAE58E485A}.Release|x64.ActiveCfg = Release|x64
		{D2C1C8D0-7E25-4F03-9DF1-63BAE58E485A}.Release|x64.Build.0 = Release|x64
		{D2C1C8D0-7E25-4F03-9DF1-63BAE58E485A}.Release|x86.ActiveCfg = Release|Win32
		{D2C1C8D0-7E25-4F03-9DF1-63BAE58E485A}.Release|x86.Build.0 = Release|Win32
		{7D338A0A-00F7-423A-B366-9B03A955D6CE}.Debug|x64.ActiveCfg = Debug|x64
		{7D338A0A-00F7-423A-B366-9B03A955D6CE}.Debug|x64.Build.0 = Debug|x64
		{7D338A0A-00F7-423A-B366-9B03A955D6CE}.Debug|x86.ActiveCfg = Debug|Win32
		{7D338A0A-00F7-423A-B366-9B03A955D6CE}.Debug|x86.Build.0 = Debug|Win32
		{7D338A0A-00F7-423A-B366-9B03A955D6CE}.Release|x64.ActiveCfg = Release|x64
		{7D338A0A-00F7-423A-B366-9B03A955D6CE}.Release|x64.Build.0 = Release|x64
		{7D338A0A-00F7-423A-B366-9B03A955D6CE}.Release|x86.ActiveCfg = Release|Win32
		{7D338A0A-00F7-423A-B366-9B03A955D6CE}.Release|x86.Build.0 = Release|Win32
		{9A3F65FE-E8BA-40DC-B96D-2DB4A644656C}.Debug|x64.ActiveCfg = Debug|x64
		{9A3F65FE-E8BA-40DC-B96D-2DB4A644656C}.Debug|x64.Build.0 = Debug|x64
		{9A3F65FE-E8BA-40DC-B96D-2DB4A644656C}.Debug|x86.ActiveCfg = Debug|Win32
		{9A3F65FE-E8BA-40DC-B96D-2DB4A644656C}.Debug|x86.Build.0 = Debug|Win32
		{9A3F65FE-E8BA-40DC-B96D-2DB4A644656C}.Release|x64.ActiveCfg = Release|x64
		{9A3F65FE-E8BA-40DC-B96D-2DB4A644656C}.Release|x64.Build.0 = Release|x64
		{9A3F65FE-E8BA-40DC-B96D-2DB4A644656C}.Release|x86.ActiveCfg = Release|Win32
		{9A3F65FE-E8BA-40DC-B96D-2DB4A644656C}.Release|x86.Build.0 = Release|Win32
		{5DB44F89-E8C6-43FE-8C7B-93C5254CF1EB}.Debug|x64.ActiveCfg = Debug|x64
		{5DB44F89-E8C6-43FE-8C7B-93C5254CF1EB}.Debug|x64.Build.0 = Debug|x64
		{5DB44F89-E8C6-43FE-8C7B-93C5254CF1EB}.Debug|x86.ActiveCfg = Debug|Win32
		{5DB44F89-E8C6-43FE-8C7B-93C5254CF1EB}.Debug|x86.Build.0 = Debug|Win32
		{5DB44F89-E8C6-43FE-8C7B-93C5254CF1EB}.Release|x64.ActiveCfg = Release|x64
		{5DB44F89-E8C6-43FE-8C7B-93C5254CF1EB}.Release|x64.Build.0 = Release|x64
		{5DB44F89-E8C6-43FE-8C7B-93C5254CF1EB}.Release|x86.ActiveCfg = Release|Win32
		{5DB44F89-E8C6-43FE-8C7B-93C5254CF1EB}.Release|x86.Build.0 = Release|Win32
		{E60D17AC-6A09-47FC-96DC-002E3B2DD30F}.Debug|x64.ActiveCfg = Debug|x64
		{E60D17AC-6A09-47FC-96DC-002E3B2DD30F}.Debug|x64.Build.0 = Debug|x64
		{E60D17AC-6A09-47FC-96DC-002E3B2DD30F}.Debug|x86.ActiveCfg = Debug|Win32
		{E60D17AC-6A09-47FC-96DC-002E3B2DD30F}.Debug|x86.Build.0 = Debug|Win32
		{E60D17AC-6A09-47FC-96DC-002E3B2DD30F}.Release|x64.ActiveCfg = Release|x64
		{E60D17AC-6A09-47FC-96DC-002E3B2DD30F}.Release|x64.Build.0 = Release|x64
		{E60D17AC-6A09-47FC-96DC-002E3B2DD30F}.Release|x86.ActiveCfg = Release|Win32
		{E60D17AC-6A09-47FC-96DC-002E3B2DD30F}.Release|x86.Build.0 = Release|Win32
		{4FE165BC-CE6E-4D88-9E19-AEE2C4849F4D}.Debug|x64.ActiveCfg = Debug|x64
		{4FE165BC-CE6E-4D88-9E19-AEE2C4849F4D}.Debug|x64.Build.0 = Debug|x64
		{4FE165BC-CE6E-4D88-9E19-AEE2C4849F4D}.Debug|x86.ActiveCfg = Debug|Win32
		{4FE165BC-CE6E-4D88-9E19-AEE2C4849F4D}.Debug|x86.Build.0 = Debug|Win32
		{4FE165BC-CE6E-4D88-9E19-AEE2C4849F4D}.Release|x64.ActiveCfg = Release|x64
		{4FE165BC-CE6E-4D88-9E19-AEE2C4849F4D}.Release|x64.Build.0 = Release|x64
		{4FE165BC-CE6E-4D88-9E19-AEE2C4849F4D}.Release|x86.ActiveCfg = Release|Win32
		{4FE165BC-CE6E-4D88-9E19-AEE2C4849F4D}.Release|x86.Build.0 = Release|Win32
		{C6543B5E-D130-4684-9A9E-88D85375E793}.Debug|x64.ActiveCfg = Debug|x64
		{C6543B5E-D130-4684-9A9E-88D85375E793}.Debug|x64.Build.0 = Debug|x64
		{C6543B5E-D130-4684-9A9E-88D85375E793}.Debug|x86.ActiveCfg = Debug|Win32
		{C6543B5E-D130-4684-9A9E-88D85375E793}.Debug|x86.Build.0 = Debug|Win32
		{C6543B5E-D130-4684-9A9E-88D85375E793}.Release|x64.ActiveCfg = Release|x64
		{C6543B5E-D130-4684-9A9E-88D85375E793}.Release|x64.Build.0 = Release|x64
		{C6543B5E-D130-4684-9A9E-88D85375E793}.Release|x86.ActiveCfg = Release|Win32
		{C6543B5E-D130-4684-9A9E-88D85375E793}.Release|x86.Build.0 = Release|Win32
		{C2ECDDB2-5C42-48C9-BD9B-08C90010FDE6}.Debug|x64.ActiveCfg = Debug|x64
		{C2ECDDB2-5C42-48C9-BD9B-08C90010FDE6}.Debug|x64.Build.0 = Debug|x64
		{C2ECDDB2-5C42-48C9-BD9B-08C90010FDE6}.Debug|x86.ActiveCfg = Debug|Win32
		{C2ECDDB2-5C42-48C9-BD9B-08C90010FDE6}.Debug|x86.Build.0 = Debug|Win32
		{C2ECDDB2-5C42-48C9-BD9B-08C90010FDE6}.Release|x64.ActiveCfg = Release|x64
		{C2ECDDB2-5C42-48C9-BD9B-08C90010FDE6}.Release|x64.Build.0 = Release|x64
		{C2ECDDB2-5C42-48C9-BD9B-08C90010FDE6}.Release|x86.ActiveCfg = Release|Win32
		{C2ECDDB2-5C42-48C9-BD9B-08C90010FDE6}.Release|x86.Build.0 = Release|Win32
		{0BF48690-4166-44A4-B786-CF579346DA0D}.Debug|x64.ActiveCfg = Debug|x64
		{0BF48690-4166-44A4-B786-CF579346DA0D}.Debug|x64.Build.0 = Debug|x64
		{0BF48690-4166-44A4-B786-CF579346DA0D}.Debug|x86.ActiveCfg = Debug|Win32
		{0BF48690-4166-44A4-B786-CF579346DA0D}.Debug|x86.Build.0 = Debug|Win32
		{0BF48690-4166-44A4-B786-CF579346DA0D}.Release|x64.ActiveCfg = Release|x64
		{0BF48690-4166-44A4-B786-CF579346DA0D}.Release|x64.Build.0 = Release|x64
		{0BF48690-4166-44A4-B786-CF579346DA0D}.Release|x86.ActiveCfg = Release|Win32
		{0BF48690-4166-44A4-B786-CF579346DA0D}.Release|x86.Build.0 = Release|Win32
		{7316DF7E-E739-4BD8-94AF-D5223B6B1EAE}.Debug|x64.ActiveCfg = Debug|x64
		{7316DF7E-E739-4BD8-94AF-D5223B6B1EAE}.Debug|x64.Build.0 = Debug|x64
		{7316DF7E-E739-4BD8-94AF-D5223B6B1EAE}.Debug|x86.ActiveCfg = Debug|Win32
		{7316DF7E-E739-4BD8-94AF-D5223B6B1EAE}.Debug|x86.Build.0 = Debug|Win32
		{7316DF7E-E739-4BD8-94AF-D5223B6B1EAE}.Release|x64.ActiveCfg = Release|x64
		{7316DF7E-E739-4BD8-94AF-D5223B6B1EAE}.Release|x64.Build.0 = Release|x64
		{7316DF7E-E739-4BD8-94AF-D5223B6B1EAE}.Release|x86.ActiveCfg = Release|Win32
		{7316DF7E-E739-4BD8-94AF-D5223B6B1EAE}.Release|x86.Build.0 = Release|Win32
		{E7447452-6980-443D-9675-EB85420C4F41}.Debug|x64.ActiveCfg = Debug|x64
		{E7447452-6980-443D-9675-EB85420C4F41}.Debug|x64.Build.0 = Debug|x64
		{E7447452-6980-443D-9675-EB85420C4F41}.Debug|x86.ActiveCfg = Debug|Win32
		{E7447452-6980-443D-9675-EB85420C4F41}.Debug|x86.Build.0 = Debug|Win32
		{E7447452-6980-443D-9675-EB85420C4F41}.Release|x64.ActiveCfg = Release|x64
		{E7447452-6980-443D-9675-EB85420C4F41}.Release|x64.Build.0 = Release|x64
		{E7447452-6980-443D-9675-EB85420C4F41}.Release|x86.ActiveCfg = Release|Win32
		{E7447452-6980-443D-9675-EB85420C4F41}.Release|x86.Build.0 = Release|Win32
		{03B36F0F-D83E-4E5B-94F7-18D41B050C4A}.Debug|x64.ActiveCfg = Debug|x64
		{03B36F0F-D83E-4E5B-94F7-18D41B050C4A}.Debug|x64.Build.0 = Debug|x64
		{03B36F0F-D83E-4E5B-94F7-18D41B050C4A}.Debug|x86.ActiveCfg = Debug|Win32
		{03B36F0F-D83E-4E5B-94F7-18D41B050C4A}.Debug|x86.Build.0 = Debug|Win32
		{03B36F0F-D83E-4E5B-94F7-18D41B050C4A}.Release|x64.ActiveCfg = Release|x64
		{03B36F0F-D83E-4E5B-94F7-18D41B050C4A}.Release|x64.Build.0 = Release|x64
		{03B36F0F-D83E-4E5B-94F7-18D41B050C4A}.Release|x86.ActiveCfg = Release|Win32
		{03B36F0F-D83E-4E5B-94F7-18D41B050C4A}.Release|x86.Build.0 = Release|Win32
		{24E28D82-91CF-4296-80A6-2CEC67CDF975}.Debug|x64.ActiveCfg = Debug|x64
		{24E28D82-91CF-4296-80A6-2CEC67CDF975}.Debug|x64.Build.0 = Debug|x64
		{24E28D82-91CF-4296-80A6-2CEC67CDF975}.Debug|x86.ActiveCfg = Debug|Win32
		{24E28D82-91CF-4296-80A6-2CEC67CDF975}.Debug|x86.Build.0 = Debug|Win32
		{24E28D82-91CF-4296-80A6-2CEC67CDF975}.Release|x64.ActiveCfg = Release|x64
		{24E28D82-91CF-4296-80A6-2CEC67CDF975}.Release|x64.Build.0 = Release|x64
		{24E28D82-91CF-4296-80A6-2CEC67CDF975}.Release|x86.ActiveCfg = Release|Win32
		{24E28D82-91CF-4296-80A6-2CEC67CDF975}.Release|x86.Build.0 = Release|Win32
		{800C2407-BAC8-4AA8-B1FC-A08AF16BA781}.Debug|x64.ActiveCfg = Debug|x64
		{800C2407-BAC8-4AA8-B1FC-A08AF16BA781}.Debug|x64.Build.0 = Debug|x64
		{800C2407-BAC8-4AA8-B1FC-A08AF16BA781}.Debug|x86.ActiveCfg = Debug|Win32
		{800C2407-BAC8-4AA8-B1FC-A08AF16BA781}.Debug|x86.Build.0 = Debug|Win32
		{800C2407-BAC8-4AA8-B1FC-A08AF16BA781}.Release|x64.ActiveCfg = Release|x64
		{800C2407-BAC8-4AA8-B1FC-A08AF16BA781}.Release|x64.Build.0 = Release|x64
		{800C2407-BAC8-4AA8-B1FC-A08AF16BA781}.Release|x86.ActiveCfg = Release|Win32
		{800C2407-BAC8-4AA8-B1FC-A08AF16BA781}.Release|x86.Build.0 = Release|Win32
		{7C250940-27ED-4F70-A4B3-13E29351AC4E}.Debug|x64.ActiveCfg = Debug|x64
		{7C250940-27ED-4F70-A4B3-13E29351AC4E}.Debug|x64.Build.0 = Debug|x64
		{7C250940-27ED-4F70-A4B3-13E29351AC4E}.Debug|x86.ActiveCfg = Debug|Win32
		{7C250940-27ED-4F70-A4B3-13E29351AC4E}.Debug|x86.Build.0 = Debug|Win32
		{7C250940-27ED-4F70-A4B3-13E29351AC4E}.Release|x64.ActiveCfg = Release|x64
		{7C250940-27ED-4F70-A4B3-13E29351AC4E}.Release|x64.Build.0 = Release|x64
		{7C250940-27ED-4F70-A4B3-13E29351AC4E}.Release|x86.ActiveCfg = Release|Win32
		{7C250940-27ED-4F70-A4B3-13E29351AC4E}.Release|x86.Build.0 = Release|Win32
		{CC8F0609-C3BB-44A0-BE1F-2769D680F1F0}.Debug|x64.ActiveCfg = Debug|x64
		{CC8F0609-C3BB-44A0-BE1F-2769D680F1F0}.Debug|x64.Build.0 = Debug|x64
		{CC8F0609-C3BB-44A0-BE1F-2769D680F1F0}.Debug|x86.ActiveCfg = Debug|Win32
		{CC8F0609-C3BB-44A0-BE1F-2769D680F1F0}.Debug|x86.Build.0 = Debug|Win32
		{CC8F0609-C3BB-44A0-BE1F-2769D680F1F0}.Release|x64.ActiveCfg = Release|x64
		{CC8F0609-C3BB-44A0-BE1F-2769D680F1F0}.Release|x64.Build.0 = Release|x64
		{CC8F0609-C3BB-44A0-BE1F-2769D680F1F0}.Release|x86.ActiveCfg = Release|Win32
		{CC8F0609-C3BB-44A0-BE1F-2769D680F1F0}.Release|x86.Build.0 = Release|Win32
		{E74B41D0-17A6-429F-B7AA-21BF6AD456BB}.Debug|x64.ActiveCfg = Debug|x64
		{E74B41D0-17A6-429F-B7AA-21BF6AD456BB}.Debug|x64.Build.0 = Debug|x64
		{E74B41D0-17A6-429F-B7AA-21BF6AD456BB}.Debug|x86.ActiveCfg = Debug|Win32
		{E74B41D0-17A6-429F-B7AA-21BF6AD456BB}.Debug|x86.Build.0 = Debug|Win32
		{E74B41D0-17A6-429F-B7AA-21BF6AD456BB}.Release|x64.ActiveCfg = Release|x64
		{E74B41D0-17A6-429F-B7AA-21BF6AD456BB}.Release|x64.Build.0 = Release|x64
		{E74B41D0-17A6-429F-B7AA-21BF6AD456BB}.Release|x86.ActiveCfg = Release|Win32
		{E74B41D0-17A6-429F-B7AA-21BF6AD456BB}.Release|x86.Build.0 = Release|Win32
		{8D65D1D1-1C21-46CF-9671-521C373DE742}.Debug|x64.ActiveCfg = Debug|x64
		{8D65D1D1-1C21-46CF-9671-521C373DE742}.Debug|x64.Build.0 = Debug|x64
		{8D65D1D1-1C21-46CF-9671-521C373DE742}.Debug|x86.ActiveCfg = Debug|Win32
		{8D65D1D1-1C21-46CF-9671-521C373DE742}.Debug|x86.Build.0 = Debug|Win32
		{8D65D1D1-1C21-46CF-9671-521C373DE742}.Release|x64.ActiveCfg = Release|x64
		{8D65D1D1-1C21-46CF-9671-521C373DE742}.Release|x64.Build.0 = Release|x64
		{8D65D1D1-1C21-46CF-9671-521C373DE742}.Release|x86.ActiveCfg = Release|Win32
		{8D65D1D1-1C21-46CF-9671-521C373DE742}.Release|x86.Build.0 = Release|Win32
		{98617CA6-FE41-4536-94F6-159046E15AD9}.Debug|x64.ActiveCfg = Debug|x64
		{98617CA6-FE41-4536-94F6-159046E15AD9}.Debug|x64.Build.0 = Debug|x64
		{98617CA6-FE41-4536-94F6-159046E15AD9}.Debug|x86.ActiveCfg = Debug|Win32
		{98617CA6-FE41-4536-94F6-159046E15AD9}.Debug|x86.Build.0 = Debug|Win32
		{98617CA6-FE41-4536-94F6-159046E15AD9}.Release|x64.ActiveCfg = Release|x64
		{98617CA6-FE41-4536-94F6-159046E15AD9}.Release|x64.Build.0 = Release|x64
		{98617CA6-FE41-4536-94F6-159046E15AD9}.Release|x86.ActiveCfg = Release|Win32
		{98617CA6-FE41-4536-94F6-159046E15AD9}.Release|x86.Build.0 = Release|Win32
	EndGlobalSection
	GlobalSection(SolutionProperties) = preSolution
		HideSolutionNode = FALSE
	EndGlobalSection
	GlobalSection(NestedProjects) = preSolution
		{05694787-FCD3-42E3-BBD4-10988059F99C} = {0D3BED05-02AA-4F22-AA03-9DDE9FE0196C}
		{FAAB14AD-B01C-4256-B84A-6453B169B595} = {0D3BED05-02AA-4F22-AA03-9DDE9FE0196C}
		{4061F128-9904-4EA9-A447-A2EDC46890AF} = {B3BE3D14-FED4-406A-A756-BF0D0847F544}
		{3AD30ECE-7B2F-4244-8B3A-5E74766B37C5} = {9125F6DF-109F-4F9B-9285-7D5B32CC5BEC}
		{FF7BE7BD-84AF-41CC-8F98-02B5935CB8F3} = {A43CA13C-9240-4E65-B4DE-15E217960D64}
		{BD55B115-A002-4159-A383-8FEC0B6C85CE} = {B3BE3D14-FED4-406A-A756-BF0D0847F544}
		{75D66A79-567B-4A65-A92B-49E5805B8BF9} = {1F8C65A6-57E9-4DB0-8804-7C9ED4AC20A9}
		{F0EE80B6-F99C-4684-808A-CDD1690E08E2} = {98CFA4C8-097A-41B2-BC26-6DC1AD548D8B}
		{10D1D73E-3C24-435C-91F5-107D9AC2C4B9} = {98CFA4C8-097A-41B2-BC26-6DC1AD548D8B}
		{C8DD7207-F030-48BE-84FB-590226858818} = {75D66A79-567B-4A65-A92B-49E5805B8BF9}
		{98CFA4C8-097A-41B2-BC26-6DC1AD548D8B} = {75D66A79-567B-4A65-A92B-49E5805B8BF9}
		{221CFD09-8EB8-493C-84C6-577B38183F96} = {C8DD7207-F030-48BE-84FB-590226858818}
		{0CBC79D8-7D04-46DF-B178-B4879E434279} = {C8DD7207-F030-48BE-84FB-590226858818}
		{F7B49A21-B64E-4F2F-8C72-FA073E42E780} = {75D66A79-567B-4A65-A92B-49E5805B8BF9}
		{FDC6EDB8-CFDA-4FCB-89FA-E01CEC5DA53C} = {F7B49A21-B64E-4F2F-8C72-FA073E42E780}
		{07973148-973C-4F85-95E9-3D584A25BC7C} = {F7B49A21-B64E-4F2F-8C72-FA073E42E780}
		{E4A49E28-49D9-49E0-8305-F9E73E58707B} = {75D66A79-567B-4A65-A92B-49E5805B8BF9}
		{0B5C6B5B-BF7A-4D17-A4E9-E1A91CA9C574} = {75D66A79-567B-4A65-A92B-49E5805B8BF9}
		{36C600CB-110C-4489-9695-98CD9918DD86} = {E4A49E28-49D9-49E0-8305-F9E73E58707B}
		{B98D25B6-A959-4CE9-88C9-1594C9F2B1B8} = {A43CA13C-9240-4E65-B4DE-15E217960D64}
		{F63FC6AD-38F8-400E-A387-5B865FF23A1F} = {75D66A79-567B-4A65-A92B-49E5805B8BF9}
		{9BA51C23-C1D6-456D-9DFC-080B3ECC3B26} = {C568B846-4048-4086-BF98-E6F1ABA3E635}
		{D1A0B4A7-29E5-42C4-BD48-6F0137B78D6E} = {75D66A79-567B-4A65-A92B-49E5805B8BF9}
		{7FCA8A33-5BD2-45F4-90BE-B9577FCB14DE} = {75D66A79-567B-4A65-A92B-49E5805B8BF9}
		{5DFD6D39-9D29-41CB-941D-FA373D021DE6} = {E4A49E28-49D9-49E0-8305-F9E73E58707B}
		{5F8E8774-B59A-4001-B38C-202511193E8D} = {0BDFB4A4-FBAB-427A-BB06-FC0615D8B968}
		{9A697403-04A0-45DF-B56D-976919997FBC} = {0114CCF3-1D93-4922-BAA3-2407FE80F9BA}
		{6319531B-2062-4C29-A7E7-20333D0D9967} = {0114CCF3-1D93-4922-BAA3-2407FE80F9BA}
		{F79D318A-1F45-4364-BC56-1FFD02DCF51B} = {0114CCF3-1D93-4922-BAA3-2407FE80F9BA}
		{99659A93-49DB-4066-8BE3-C7DBE6BEEFF6} = {1F8C65A6-57E9-4DB0-8804-7C9ED4AC20A9}
		{A2D4377B-AE11-49BA-B9C1-6A180A7602DD} = {9411ACC7-D0F4-47D1-84B8-487BB4071A35}
		{B2318C08-69DA-4F01-83BC-EC65AB73A646} = {75D66A79-567B-4A65-A92B-49E5805B8BF9}
		{00462A92-84F0-41B3-943F-7A535DBAF0E4} = {99659A93-49DB-4066-8BE3-C7DBE6BEEFF6}
		{D84734D4-22F2-4581-932D-FEC870002684} = {9411ACC7-D0F4-47D1-84B8-487BB4071A35}
		{C3DE384C-4A16-4865-84E4-2F77D8B71B35} = {9411ACC7-D0F4-47D1-84B8-487BB4071A35}
		{D1C51863-7DE9-4066-960C-B633B597B260} = {9411ACC7-D0F4-47D1-84B8-487BB4071A35}
		{395BB4E4-3E5B-407A-B35D-ED1B56E13025} = {9411ACC7-D0F4-47D1-84B8-487BB4071A35}
		{B3BE3D14-FED4-406A-A756-BF0D0847F544} = {99659A93-49DB-4066-8BE3-C7DBE6BEEFF6}
		{9125F6DF-109F-4F9B-9285-7D5B32CC5BEC} = {99659A93-49DB-4066-8BE3-C7DBE6BEEFF6}
		{D2C1C8D0-7E25-4F03-9DF1-63BAE58E485A} = {9411ACC7-D0F4-47D1-84B8-487BB4071A35}
		{7D338A0A-00F7-423A-B366-9B03A955D6CE} = {9411ACC7-D0F4-47D1-84B8-487BB4071A35}
		{9A3F65FE-E8BA-40DC-B96D-2DB4A644656C} = {9411ACC7-D0F4-47D1-84B8-487BB4071A35}
		{5DB44F89-E8C6-43FE-8C7B-93C5254CF1EB} = {9411ACC7-D0F4-47D1-84B8-487BB4071A35}
		{E60D17AC-6A09-47FC-96DC-002E3B2DD30F} = {9411ACC7-D0F4-47D1-84B8-487BB4071A35}
		{4FE165BC-CE6E-4D88-9E19-AEE2C4849F4D} = {9411ACC7-D0F4-47D1-84B8-487BB4071A35}
		{C6543B5E-D130-4684-9A9E-88D85375E793} = {9411ACC7-D0F4-47D1-84B8-487BB4071A35}
		{C2ECDDB2-5C42-48C9-BD9B-08C90010FDE6} = {9411ACC7-D0F4-47D1-84B8-487BB4071A35}
		{0BF48690-4166-44A4-B786-CF579346DA0D} = {9411ACC7-D0F4-47D1-84B8-487BB4071A35}
		{12FF1203-EC44-4AFF-9D96-B7677BC4F2A3} = {99659A93-49DB-4066-8BE3-C7DBE6BEEFF6}
		{7316DF7E-E739-4BD8-94AF-D5223B6B1EAE} = {12FF1203-EC44-4AFF-9D96-B7677BC4F2A3}
		{E7447452-6980-443D-9675-EB85420C4F41} = {12FF1203-EC44-4AFF-9D96-B7677BC4F2A3}
		{9AD7B03C-3C80-43B3-96CA-D76B657598CB} = {84E9BE2E-B4FA-40AC-80C4-E7E2F67DCD71}
		{03B36F0F-D83E-4E5B-94F7-18D41B050C4A} = {9AD7B03C-3C80-43B3-96CA-D76B657598CB}
		{4978FDB1-C610-4AD4-A295-2506EEE10D6D} = {84E9BE2E-B4FA-40AC-80C4-E7E2F67DCD71}
		{24E28D82-91CF-4296-80A6-2CEC67CDF975} = {4978FDB1-C610-4AD4-A295-2506EEE10D6D}
		{9411ACC7-D0F4-47D1-84B8-487BB4071A35} = {00462A92-84F0-41B3-943F-7A535DBAF0E4}
		{800C2407-BAC8-4AA8-B1FC-A08AF16BA781} = {4978FDB1-C610-4AD4-A295-2506EEE10D6D}
		{84E9BE2E-B4FA-40AC-80C4-E7E2F67DCD71} = {00462A92-84F0-41B3-943F-7A535DBAF0E4}
		{DB4D0453-1C18-489D-BD50-BA965CB6905F} = {00462A92-84F0-41B3-943F-7A535DBAF0E4}
		{7C250940-27ED-4F70-A4B3-13E29351AC4E} = {B3B64FED-8A8B-4AA4-A594-1088C2C42E4C}
		{CC8F0609-C3BB-44A0-BE1F-2769D680F1F0} = {DB4D0453-1C18-489D-BD50-BA965CB6905F}
		{B3B64FED-8A8B-4AA4-A594-1088C2C42E4C} = {9125F6DF-109F-4F9B-9285-7D5B32CC5BEC}
		{72AD4F75-D060-4420-9371-336C63A09ED3} = {DB4D0453-1C18-489D-BD50-BA965CB6905F}
		{E74B41D0-17A6-429F-B7AA-21BF6AD456BB} = {72AD4F75-D060-4420-9371-336C63A09ED3}
		{8D65D1D1-1C21-46CF-9671-521C373DE742} = {72AD4F75-D060-4420-9371-336C63A09ED3}
		{98617CA6-FE41-4536-94F6-159046E15AD9} = {B3B64FED-8A8B-4AA4-A594-1088C2C42E4C}
	EndGlobalSection
	GlobalSection(ExtensibilityGlobals) = postSolution
		SolutionGuid = {68ABF005-E39D-4337-A901-4093EB992A11}
	EndGlobalSection
EndGlobal
