<?xml version="1.0" encoding="utf-8"?>
<Project ToolsVersion="4.0" xmlns="http://schemas.microsoft.com/developer/msbuild/2003">
  <ItemGroup>
    <Filter Include="소스 파일">
      <UniqueIdentifier>{4FC737F1-C7A5-4376-A066-2A32D752A2FF}</UniqueIdentifier>
      <Extensions>cpp;c;cc;cxx;c++;cppm;ixx;def;odl;idl;hpj;bat;asm;asmx</Extensions>
    </Filter>
    <Filter Include="헤더 파일">
      <UniqueIdentifier>{93995380-89BD-4b04-88EB-625FBE52EBFB}</UniqueIdentifier>
      <Extensions>h;hh;hpp;hxx;h++;hm;inl;inc;ipp;xsd</Extensions>
    </Filter>
    <Filter Include="리소스 파일">
      <UniqueIdentifier>{67DA6AB6-F800-4c08-8B7A-83BB121AAD01}</UniqueIdentifier>
      <Extensions>rc;ico;cur;bmp;dlg;rc2;rct;bin;rgs;gif;jpg;jpeg;jpe;resx;tiff;tif;png;wav;mfcribbon-ms</Extensions>
    </Filter>
    <Filter Include="Manager">
      <UniqueIdentifier>{e7e88559-20d6-42e0-962b-6b8bb1c2daf1}</UniqueIdentifier>
    </Filter>
    <Filter Include="math">
      <UniqueIdentifier>{7946b7f2-f883-4c27-a960-03e435eec581}</UniqueIdentifier>
    </Filter>
  </ItemGroup>
  <ItemGroup>
    <ClCompile Include="JCore.cpp">
      <Filter>소스 파일</Filter>
    </ClCompile>
    <ClCompile Include="JWindow.cpp">
      <Filter>소스 파일</Filter>
    </ClCompile>
    <ClCompile Include="JDevice.cpp">
      <Filter>소스 파일</Filter>
    </ClCompile>
    <ClCompile Include="JCollision.cpp">
      <Filter>소스 파일</Filter>
    </ClCompile>
    <ClCompile Include="JTimer.cpp">
      <Filter>소스 파일</Filter>
    </ClCompile>
    <ClCompile Include="JInput.cpp">
      <Filter>소스 파일</Filter>
    </ClCompile>
    <ClCompile Include="JDxObject.cpp">
      <Filter>소스 파일</Filter>
    </ClCompile>
    <ClCompile Include="JObject2D.cpp">
      <Filter>소스 파일</Filter>
    </ClCompile>
    <ClCompile Include="JObject3D.cpp">
      <Filter>소스 파일</Filter>
    </ClCompile>
    <ClCompile Include="JWriteFont.cpp">
      <Filter>소스 파일</Filter>
    </ClCompile>
    <ClCompile Include="JWorld.cpp">
      <Filter>소스 파일</Filter>
    </ClCompile>
    <ClCompile Include="JBaseMgr.cpp">
      <Filter>Manager</Filter>
    </ClCompile>
    <ClCompile Include="JObjectMgr.cpp">
      <Filter>Manager</Filter>
    </ClCompile>
    <ClCompile Include="JShaderMgr.cpp">
      <Filter>Manager</Filter>
    </ClCompile>
    <ClCompile Include="JSoundMgr.cpp">
      <Filter>Manager</Filter>
    </ClCompile>
    <ClCompile Include="JTextureMgr.cpp">
      <Filter>Manager</Filter>
    </ClCompile>
    <ClCompile Include="JVector2.cpp">
      <Filter>math</Filter>
    </ClCompile>
    <ClCompile Include="JVector3.cpp">
      <Filter>math</Filter>
    </ClCompile>
    <ClCompile Include="JDxState.cpp">
      <Filter>소스 파일</Filter>
    </ClCompile>
  </ItemGroup>
  <ItemGroup>
    <ClInclude Include="JCore.h">
      <Filter>헤더 파일</Filter>
    </ClInclude>
    <ClInclude Include="JStd.h">
      <Filter>헤더 파일</Filter>
    </ClInclude>
    <ClInclude Include="JWindow.h">
      <Filter>헤더 파일</Filter>
    </ClInclude>
    <ClInclude Include="JDevice.h">
      <Filter>헤더 파일</Filter>
    </ClInclude>
    <ClInclude Include="JCollision.h">
      <Filter>헤더 파일</Filter>
    </ClInclude>
    <ClInclude Include="JTimer.h">
      <Filter>헤더 파일</Filter>
    </ClInclude>
    <ClInclude Include="JInput.h">
      <Filter>헤더 파일</Filter>
    </ClInclude>
    <ClInclude Include="JDxObject.h">
      <Filter>헤더 파일</Filter>
    </ClInclude>
    <ClInclude Include="JObject2D.h">
      <Filter>헤더 파일</Filter>
    </ClInclude>
    <ClInclude Include="JObject3D.h">
      <Filter>헤더 파일</Filter>
    </ClInclude>
    <ClInclude Include="JWriteFont.h">
      <Filter>헤더 파일</Filter>
    </ClInclude>
    <ClInclude Include="JWorld.h">
      <Filter>헤더 파일</Filter>
    </ClInclude>
    <ClInclude Include="JBaseMgr.h">
      <Filter>Manager</Filter>
    </ClInclude>
    <ClInclude Include="JObjectMgr.h">
      <Filter>Manager</Filter>
    </ClInclude>
    <ClInclude Include="JShaderMgr.h">
      <Filter>Manager</Filter>
    </ClInclude>
    <ClInclude Include="JSoundMgr.h">
      <Filter>Manager</Filter>
    </ClInclude>
    <ClInclude Include="JTextureMgr.h">
      <Filter>Manager</Filter>
    </ClInclude>
    <ClInclude Include="JVector2.h">
      <Filter>math</Filter>
    </ClInclude>
    <ClInclude Include="JVector3.h">
      <Filter>math</Filter>
    </ClInclude>
    <ClInclude Include="JDxState.h">
      <Filter>헤더 파일</Filter>
    </ClInclude>
  </ItemGroup>
</Project>