<?xml version="1.0" encoding="utf-8"?>
<Project ToolsVersion="4.0" xmlns="http://schemas.microsoft.com/developer/msbuild/2003">
  <ItemGroup>
    <Filter Include="소스 파일">
      <UniqueIdentifier>{4FC737F1-C7A5-4376-A066-2A32D752A2FF}</UniqueIdentifier>
      <Extensions>cpp;c;cc;cxx;c++;cppm;ixx;def;odl;idl;hpj;bat;asm;asmx</Extensions>
    </Filter>
    <Filter Include="헤더 파일">
      <UniqueIdentifier>{93995380-89BD-4b04-88EB-625FBE52EBFB}</UniqueIdentifier>
      <Extensions>h;hh;hpp;hxx;h++;hm;inl;inc;ipp;xsd</Extensions>
    </Filter>
    <Filter Include="리소스 파일">
      <UniqueIdentifier>{67DA6AB6-F800-4c08-8B7A-83BB121AAD01}</UniqueIdentifier>
      <Extensions>rc;ico;cur;bmp;dlg;rc2;rct;bin;rgs;gif;jpg;jpeg;jpe;resx;tiff;tif;png;wav;mfcribbon-ms</Extensions>
    </Filter>
    <Filter Include="텍스트 파일">
      <UniqueIdentifier>{a2750a36-a147-4732-a992-12d19d5ac41b}</UniqueIdentifier>
    </Filter>
    <Filter Include="World">
      <UniqueIdentifier>{368b4228-df68-40e4-8f14-921a0eb56cd2}</UniqueIdentifier>
    </Filter>
    <Filter Include="Object">
      <UniqueIdentifier>{84bcbf4f-4e9e-44ce-8660-c02676503c59}</UniqueIdentifier>
    </Filter>
    <Filter Include="Map">
      <UniqueIdentifier>{f45c354c-11ce-4471-a3a0-e73388ef4522}</UniqueIdentifier>
    </Filter>
  </ItemGroup>
  <ItemGroup>
    <ClCompile Include="Sample.cpp">
      <Filter>소스 파일</Filter>
    </ClCompile>
    <ClCompile Include="JIntroWorld.cpp">
      <Filter>World</Filter>
    </ClCompile>
    <ClCompile Include="JLoginWorld.cpp">
      <Filter>World</Filter>
    </ClCompile>
    <ClCompile Include="JZoneWorld.cpp">
      <Filter>World</Filter>
    </ClCompile>
    <ClCompile Include="JUIObject.cpp">
      <Filter>Object</Filter>
    </ClCompile>
    <ClCompile Include="JObjectNpc2D.cpp">
      <Filter>Object</Filter>
    </ClCompile>
    <ClCompile Include="JPlayerObj2D.cpp">
      <Filter>Object</Filter>
    </ClCompile>
    <ClCompile Include="JSprite.cpp">
      <Filter>소스 파일</Filter>
    </ClCompile>
    <ClCompile Include="JEffectObj.cpp">
      <Filter>Object</Filter>
    </ClCompile>
    <ClCompile Include="JUIModelMgr.cpp">
      <Filter>Object</Filter>
    </ClCompile>
    <ClCompile Include="JAttackObj2D.cpp">
      <Filter>Object</Filter>
    </ClCompile>
    <ClCompile Include="JMap.cpp">
      <Filter>Map</Filter>
    </ClCompile>
    <ClCompile Include="JTileMap.cpp">
      <Filter>Map</Filter>
    </ClCompile>
    <ClCompile Include="JTileObj2D.cpp">
      <Filter>Object</Filter>
      <Filter>Map</Filter>
    </ClCompile>
  </ItemGroup>
  <ItemGroup>
    <ClInclude Include="Sample.h">
      <Filter>헤더 파일</Filter>
    </ClInclude>
    <ClInclude Include="JIntroWorld.h">
      <Filter>World</Filter>
    </ClInclude>
    <ClInclude Include="JLoginWorld.h">
      <Filter>World</Filter>
    </ClInclude>
    <ClInclude Include="JZoneWorld.h">
      <Filter>World</Filter>
    </ClInclude>
    <ClInclude Include="JObjectNpc2D.h">
      <Filter>Object</Filter>
    </ClInclude>
    <ClInclude Include="JPlayerObj2D.h">
      <Filter>Object</Filter>
    </ClInclude>
    <ClInclude Include="JUIObject.h">
      <Filter>Object</Filter>
    </ClInclude>
    <ClInclude Include="JSprite.h">
      <Filter>헤더 파일</Filter>
    </ClInclude>
    <ClInclude Include="JEffectObj.h">
      <Filter>Object</Filter>
    </ClInclude>
    <ClInclude Include="JUIModelMgr.h">
      <Filter>Object</Filter>
    </ClInclude>
    <ClInclude Include="JAttackObj2D.h">
      <Filter>Object</Filter>
    </ClInclude>
    <ClInclude Include="JMap.h">
      <Filter>Map</Filter>
    </ClInclude>
    <ClInclude Include="JTileMap.h">
      <Filter>Map</Filter>
    </ClInclude>
    <ClInclude Include="resource.h">
      <Filter>헤더 파일</Filter>
    </ClInclude>
    <ClInclude Include="JTileObj2D.h">
      <Filter>Object</Filter>
      <Filter>Map</Filter>
    </ClInclude>
  </ItemGroup>
  <ItemGroup>
    <Text Include="PixelShader.txt">
      <Filter>텍스트 파일</Filter>
    </Text>
    <Text Include="VertexShader.txt">
      <Filter>텍스트 파일</Filter>
    </Text>
    <Text Include="Player.txt">
      <Filter>텍스트 파일</Filter>
    </Text>
    <Text Include="Shader.txt">
      <Filter>텍스트 파일</Filter>
    </Text>
    <Text Include="SpriteData.txt">
      <Filter>텍스트 파일</Filter>
    </Text>
    <Text Include="..\..\data\shader\DefaultUI.txt">
      <Filter>텍스트 파일</Filter>
    </Text>
    <Text Include="PlayerData.txt">
      <Filter>텍스트 파일</Filter>
    </Text>
    <Text Include="NpcData.txt">
      <Filter>텍스트 파일</Filter>
    </Text>
    <Text Include="AtackEffectData.txt">
      <Filter>텍스트 파일</Filter>
    </Text>
    <Text Include="CannonballData.txt">
      <Filter>텍스트 파일</Filter>
    </Text>
    <Text Include="Tile.txt">
      <Filter>텍스트 파일</Filter>
    </Text>
  </ItemGroup>
  <ItemGroup>
    <ResourceCompile Include="JBattleCityTank.rc">
      <Filter>리소스 파일</Filter>
    </ResourceCompile>
  </ItemGroup>
</Project>